{
  "name": "antigravity-tool-kit",
  "version": "2.1.0",
  "lockfileVersion": 3,
  "requires": true,
  "packages": {
    "": {
      "name": "antigravity-tool-kit",
      "version": "2.1.0",
      "license": "MIT",
      "bin": {
        "antigravity-tool-kit": "bin/cli.js",
        "atk": "bin/cli.js"
      },
      "engines": {
        "node": ">=18.0.0"
      }
    }
  }
}
